// !$*UTF8*$!
{
	archiveVersion = 1;
	classes = {
	};
	objectVersion = 48;
	objects = {

/* Begin PBXBuildFile section */
		1814F10B1F3CF1D400A4787C /* AppDelegate.swift in Sources */ = {isa = PBXBuildFile; fileRef = 1814F10A1F3CF1D400A4787C /* AppDelegate.swift */; };
		1814F1101F3CF1D400A4787C /* Main.storyboard in Resources */ = {isa = PBXBuildFile; fileRef = 1814F10E1F3CF1D400A4787C /* Main.storyboard */; };
		1814F1121F3CF1D400A4787C /* Assets.xcassets in Resources */ = {isa = PBXBuildFile; fileRef = 1814F1111F3CF1D400A4787C /* Assets.xcassets */; };
		1814F1151F3CF1D400A4787C /* LaunchScreen.storyboard in Resources */ = {isa = PBXBuildFile; fileRef = 1814F1131F3CF1D400A4787C /* LaunchScreen.storyboard */; };
		1884BD931F3D338700FB248E /* EmojiDetailViewController.swift in Sources */ = {isa = PBXBuildFile; fileRef = 1884BD921F3D338700FB248E /* EmojiDetailViewController.swift */; };
		188D52551F3E651700700C78 /* Emoji.swift in Sources */ = {isa = PBXBuildFile; fileRef = 188D52541F3E651700700C78 /* Emoji.swift */; };
		18FC381E1F3CFF02007FD6DE /* EmojiTableViewController.swift in Sources */ = {isa = PBXBuildFile; fileRef = 18FC381D1F3CFF02007FD6DE /* EmojiTableViewController.swift */; };
/* End PBXBuildFile section */

/* Begin PBXFileReference section */
		1814F1071F3CF1D400A4787C /* EmojiDictionary.app */ = {isa = PBXFileReference; explicitFileType = wrapper.application; includeInIndex = 0; path = EmojiDictionary.app; sourceTree = BUILT_PRODUCTS_DIR; };
		1814F10A1F3CF1D400A4787C /* AppDelegate.swift */ = {isa = PBXFileReference; lastKnownFileType = sourcecode.swift; path = AppDelegate.swift; sourceTree = "<group>"; };
		1814F10F1F3CF1D400A4787C /* Base */ = {isa = PBXFileReference; lastKnownFileType = file.storyboard; name = Base; path = Base.lproj/Main.storyboard; sourceTree = "<group>"; };
		1814F1111F3CF1D400A4787C /* Assets.xcassets */ = {isa = PBXFileReference; lastKnownFileType = folder.assetcatalog; path = Assets.xcassets; sourceTree = "<group>"; };
		1814F1141F3CF1D400A4787C /* Base */ = {isa = PBXFileReference; lastKnownFileType = file.storyboard; name = Base; path = Base.lproj/LaunchScreen.storyboard; sourceTree = "<group>"; };
		1814F1161F3CF1D400A4787C /* Info.plist */ = {isa = PBXFileReference; lastKnownFileType = text.plist.xml; path = Info.plist; sourceTree = "<group>"; };
		1884BD921F3D338700FB248E /* EmojiDetailViewController.swift */ = {isa = PBXFileReference; lastKnownFileType = sourcecode.swift; path = EmojiDetailViewController.swift; sourceTree = "<group>"; };
		188D52541F3E651700700C78 /* Emoji.swift */ = {isa = PBXFileReference; lastKnownFileType = sourcecode.swift; path = Emoji.swift; sourceTree = "<group>"; };
		18FC381D1F3CFF02007FD6DE /* EmojiTableViewController.swift */ = {isa = PBXFileReference; lastKnownFileType = sourcecode.swift; path = EmojiTableViewController.swift; sourceTree = "<group>"; };
/* End PBXFileReference section */

/* Begin PBXFrameworksBuildPhase section */
		1814F1041F3CF1D400A4787C /* Frameworks */ = {
			isa = PBXFrameworksBuildPhase;
			buildActionMask = 2147483647;
			files = (
			);
			runOnlyForDeploymentPostprocessing = 0;
		};
/* End PBXFrameworksBuildPhase section */

/* Begin PBXGroup section */
		1814F0FE1F3CF1D400A4787C = {
			isa = PBXGroup;
			children = (
				1814F1091F3CF1D400A4787C /* EmojiDictionary */,
				1814F1081F3CF1D400A4787C /* Products */,
			);
			sourceTree = "<group>";
		};
		1814F1081F3CF1D400A4787C /* Products */ = {
			isa = PBXGroup;
			children = (
				1814F1071F3CF1D400A4787C /* EmojiDictionary.app */,
			);
			name = Products;
			sourceTree = "<group>";
		};
		1814F1091F3CF1D400A4787C /* EmojiDictionary */ = {
			isa = PBXGroup;
			children = (
				1814F10A1F3CF1D400A4787C /* AppDelegate.swift */,
				18FC381D1F3CFF02007FD6DE /* EmojiTableViewController.swift */,
				1884BD921F3D338700FB248E /* EmojiDetailViewController.swift */,
				1814F10E1F3CF1D400A4787C /* Main.storyboard */,
				188D52541F3E651700700C78 /* Emoji.swift */,
				1814F1111F3CF1D400A4787C /* Assets.xcassets */,
				1814F1131F3CF1D400A4787C /* LaunchScreen.storyboard */,
				1814F1161F3CF1D400A4787C /* Info.plist */,
			);
			path = EmojiDictionary;
			sourceTree = "<group>";
		};
/* End PBXGroup section */

/* Begin PBXNativeTarget section */
		1814F1061F3CF1D400A4787C /* EmojiDictionary */ = {
			isa = PBXNativeTarget;
			buildConfigurationList = 1814F1191F3CF1D400A4787C /* Build configuration list for PBXNativeTarget "EmojiDictionary" */;
			buildPhases = (
				1814F1031F3CF1D400A4787C /* Sources */,
				1814F1041F3CF1D400A4787C /* Frameworks */,
				1814F1051F3CF1D400A4787C /* Resources */,
			);
			buildRules = (
			);
			dependencies = (
			);
			name = EmojiDictionary;
			productName = EmojiDictionary;
			productReference = 1814F1071F3CF1D400A4787C /* EmojiDictionary.app */;
			productType = "com.apple.product-type.application";
		};
/* End PBXNativeTarget section */

/* Begin PBXProject section */
		1814F0FF1F3CF1D400A4787C /* Project object */ = {
			isa = PBXProject;
			attributes = {
				LastSwiftUpdateCheck = 0900;
				LastUpgradeCheck = 0900;
				ORGANIZATIONNAME = "Patty Harris";
				TargetAttributes = {
					1814F1061F3CF1D400A4787C = {
						CreatedOnToolsVersion = 9.0;
					};
				};
			};
			buildConfigurationList = 1814F1021F3CF1D400A4787C /* Build configuration list for PBXProject "EmojiDictionary" */;
			compatibilityVersion = "Xcode 8.0";
			developmentRegion = en;
			hasScannedForEncodings = 0;
			knownRegions = (
				en,
				Base,
			);
			mainGroup = 1814F0FE1F3CF1D400A4787C;
			productRefGroup = 1814F1081F3CF1D400A4787C /* Products */;
			projectDirPath = "";
			projectRoot = "";
			targets = (
				1814F1061F3CF1D400A4787C /* EmojiDictionary */,
			);
		};
/* End PBXProject section */

/* Begin PBXResourcesBuildPhase section */
		1814F1051F3CF1D400A4787C /* Resources */ = {
			isa = PBXResourcesBuildPhase;
			buildActionMask = 2147483647;
			files = (
				1814F1151F3CF1D400A4787C /* LaunchScreen.storyboard in Resources */,
				1814F1121F3CF1D400A4787C /* Assets.xcassets in Resources */,
				1814F1101F3CF1D400A4787C /* Main.storyboard in Resources */,
			);
			runOnlyForDeploymentPostprocessing = 0;
		};
/* End PBXResourcesBuildPhase section */

/* Begin PBXSourcesBuildPhase section */
		1814F1031F3CF1D400A4787C /* Sources */ = {
			isa = PBXSourcesBuildPhase;
			buildActionMask = 2147483647;
			files = (
				18FC381E1F3CFF02007FD6DE /* EmojiTableViewController.swift in Sources */,
				1884BD931F3D338700FB248E /* EmojiDetailViewController.swift in Sources */,
				188D52551F3E651700700C78 /* Emoji.swift in Sources */,
				1814F10B1F3CF1D400A4787C /* AppDelegate.swift in Sources */,
			);
			runOnlyForDeploymentPostprocessing = 0;
		};
/* End PBXSourcesBuildPhase section */

/* Begin PBXVariantGroup section */
		1814F10E1F3CF1D400A4787C /* Main.storyboard */ = {
			isa = PBXVariantGroup;
			children = (
				1814F10F1F3CF1D400A4787C /* Base */,
			);
			name = Main.storyboard;
			sourceTree = "<group>";
		};
		1814F1131F3CF1D400A4787C /* LaunchScreen.storyboard */ = {
			isa = PBXVariantGroup;
			children = (
				1814F1141F3CF1D400A4787C /* Base */,
			);
			name = LaunchScreen.storyboard;
			sourceTree = "<group>";
		};
/* End PBXVariantGroup section */

/* Begin XCBuildConfiguration section */
		1814F1171F3CF1D400A4787C /* Debug */ = {
			isa = XCBuildConfiguration;
			buildSettings = {
				ALWAYS_SEARCH_USER_PATHS = NO;
				CLANG_ANALYZER_NONNULL = YES;
				CLANG_ANALYZER_NUMBER_OBJECT_CONVERSION = YES_AGGRESSIVE;
				CLANG_CXX_LANGUAGE_STANDARD = "gnu++14";
				CLANG_CXX_LIBRARY = "libc++";
				CLANG_ENABLE_MODULES = YES;
				CLANG_ENABLE_OBJC_ARC = YES;
				CLANG_WARN_BLOCK_CAPTURE_AUTORELEASING = YES;
				CLANG_WARN_BOOL_CONVERSION = YES;
				CLANG_WARN_COMMA = YES;
				CLANG_WARN_CONSTANT_CONVERSION = YES;
				CLANG_WARN_DIRECT_OBJC_ISA_USAGE = YES_ERROR;
				CLANG_WARN_DOCUMENTATION_COMMENTS = YES;
				CLANG_WARN_EMPTY_BODY = YES;
				CLANG_WARN_ENUM_CONVERSION = YES;
				CLANG_WARN_INFINITE_RECURSION = YES;
				CLANG_WARN_INT_CONVERSION = YES;
				CLANG_WARN_NON_LITERAL_NULL_CONVERSION = YES;
				CLANG_WARN_OBJC_LITERAL_CONVERSION = YES;
				CLANG_WARN_OBJC_ROOT_CLASS = YES_ERROR;
				CLANG_WARN_RANGE_LOOP_ANALYSIS = YES;
				CLANG_WARN_STRICT_PROTOTYPES = YES;
				CLANG_WARN_SUSPICIOUS_MOVE = YES;
				CLANG_WARN_UNGUARDED_AVAILABILITY = YES_AGGRESSIVE;
				CLANG_WARN_UNREACHABLE_CODE = YES;
				CLANG_WARN__DUPLICATE_METHOD_MATCH = YES;
				CODE_SIGN_IDENTITY = "iPhone Developer";
				COPY_PHASE_STRIP = NO;
				DEBUG_INFORMATION_FORMAT = dwarf;
				ENABLE_STRICT_OBJC_MSGSEND = YES;
				ENABLE_TESTABILITY = YES;
				GCC_C_LANGUAGE_STANDARD = gnu11;
				GCC_DYNAMIC_NO_PIC = NO;
				GCC_NO_COMMON_BLOCKS = YES;
				GCC_OPTIMIZATION_LEVEL = 0;
				GCC_PREPROCESSOR_DEFINITIONS = (
					"DEBUG=1",
					"$(inherited)",
				);
				GCC_WARN_64_TO_32_BIT_CONVERSION = YES;
				GCC_WARN_ABOUT_RETURN_TYPE = YES_ERROR;
				GCC_WARN_UNDECLARED_SELECTOR = YES;
				GCC_WARN_UNINITIALIZED_AUTOS = YES_AGGRESSIVE;
				GCC_WARN_UNUSED_FUNCTION = YES;
				GCC_WARN_UNUSED_VARIABLE = YES;
				IPHONEOS_DEPLOYMENT_TARGET = 11.0;
				MTL_ENABLE_DEBUG_INFO = YES;
				ONLY_ACTIVE_ARCH = YES;
				SDKROOT = iphoneos;
				SWIFT_ACTIVE_COMPILATION_CONDITIONS = DEBUG;
				SWIFT_OPTIMIZATION_LEVEL = "-Onone";
			};
			name = Debug;
		};
		1814F1181F3CF1D400A4787C /* Release */ = {
			isa = XCBuildConfiguration;
			buildSettings = {
				ALWAYS_SEARCH_USER_PATHS = NO;
				CLANG_ANALYZER_NONNULL = YES;
				CLANG_ANALYZER_NUMBER_OBJECT_CONVERSION = YES_AGGRESSIVE;
				CLANG_CXX_LANGUAGE_STANDARD = "gnu++14";
				CLANG_CXX_LIBRARY = "libc++";
				CLANG_ENABLE_MODULES = YES;
				CLANG_ENABLE_OBJC_ARC = YES;
				CLANG_WARN_BLOCK_CAPTURE_AUTORELEASING = YES;
				CLANG_WARN_BOOL_CONVERSION = YES;
				CLANG_WARN_COMMA = YES;
				CLANG_WARN_CONSTANT_CONVERSION = YES;
				CLANG_WARN_DIRECT_OBJC_ISA_USAGE = YES_ERROR;
				CLANG_WARN_DOCUMENTATION_COMMENTS = YES;
				CLANG_WARN_EMPTY_BODY = YES;
				CLANG_WARN_ENUM_CONVERSION = YES;
				CLANG_WARN_INFINITE_RECURSION = YES;
				CLANG_WARN_INT_CONVERSION = YES;
				CLANG_WARN_NON_LITERAL_NULL_CONVERSION = YES;
				CLANG_WARN_OBJC_LITERAL_CONVERSION = YES;
				CLANG_WARN_OBJC_ROOT_CLASS = YES_ERROR;
				CLANG_WARN_RANGE_LOOP_ANALYSIS = YES;
				CLANG_WARN_STRICT_PROTOTYPES = YES;
				CLANG_WARN_SUSPICIOUS_MOVE = YES;
				CLANG_WARN_UNGUARDED_AVAILABILITY = YES_AGGRESSIVE;
				CLANG_WARN_UNREACHABLE_CODE = YES;
				CLANG_WARN__DUPLICATE_METHOD_MATCH = YES;
				CODE_SIGN_IDENTITY = "iPhone Developer";
				COPY_PHASE_STRIP = NO;
				DEBUG_INFORMATION_FORMAT = "dwarf-with-dsym";
				ENABLE_NS_ASSERTIONS = NO;
				ENABLE_STRICT_OBJC_MSGSEND = YES;
				GCC_C_LANGUAGE_STANDARD = gnu11;
				GCC_NO_COMMON_BLOCKS = YES;
				GCC_WARN_64_TO_32_BIT_CONVERSION = YES;
				GCC_WARN_ABOUT_RETURN_TYPE = YES_ERROR;
				GCC_WARN_UNDECLARED_SELECTOR = YES;
				GCC_WARN_UNINITIALIZED_AUTOS = YES_AGGRESSIVE;
				GCC_WARN_UNUSED_FUNCTION = YES;
				GCC_WARN_UNUSED_VARIABLE = YES;
				IPHONEOS_DEPLOYMENT_TARGET = 11.0;
				MTL_ENABLE_DEBUG_INFO = NO;
				SDKROOT = iphoneos;
				SWIFT_OPTIMIZATION_LEVEL = "-Owholemodule";
				VALIDATE_PRODUCT = YES;
			};
			name = Release;
		};
		1814F11A1F3CF1D400A4787C /* Debug */ = {
			isa = XCBuildConfiguration;
			buildSettings = {
				ASSETCATALOG_COMPILER_APPICON_NAME = AppIcon;
				DEVELOPMENT_TEAM = 99RMK563G8;
				INFOPLIST_FILE = EmojiDictionary/Info.plist;
				LD_RUNPATH_SEARCH_PATHS = "$(inherited) @executable_path/Frameworks";
				PRODUCT_BUNDLE_IDENTIFIER = com.pharris.EmojiDictionary;
				PRODUCT_NAME = "$(TARGET_NAME)";
				SWIFT_VERSION = 4.0;
				TARGETED_DEVICE_FAMILY = "1,2";
			};
			name = Debug;
		};
		1814F11B1F3CF1D400A4787C /* Release */ = {
			isa = XCBuildConfiguration;
			buildSettings = {
				ASSETCATALOG_COMPILER_APPICON_NAME = AppIcon;
				DEVELOPMENT_TEAM = 99RMK563G8;
				INFOPLIST_FILE = EmojiDictionary/Info.plist;
				LD_RUNPATH_SEARCH_PATHS = "$(inherited) @executable_path/Frameworks";
				PRODUCT_BUNDLE_IDENTIFIER = com.pharris.EmojiDictionary;
				PRODUCT_NAME = "$(TARGET_NAME)";
				SWIFT_VERSION = 4.0;
				TARGETED_DEVICE_FAMILY = "1,2";
			};
			name = Release;
		};
/* End XCBuildConfiguration section */

/* Begin XCConfigurationList section */
		1814F1021F3CF1D400A4787C /* Build configuration list for PBXProject "EmojiDictionary" */ = {
			isa = XCConfigurationList;
			buildConfigurations = (
				1814F1171F3CF1D400A4787C /* Debug */,
				1814F1181F3CF1D400A4787C /* Release */,
			);
			defaultConfigurationIsVisible = 0;
			defaultConfigurationName = Release;
		};
		1814F1191F3CF1D400A4787C /* Build configuration list for PBXNativeTarget "EmojiDictionary" */ = {
			isa = XCConfigurationList;
			buildConfigurations = (
				1814F11A1F3CF1D400A4787C /* Debug */,
				1814F11B1F3CF1D400A4787C /* Release */,
			);
			defaultConfigurationIsVisible = 0;
			defaultConfigurationName = Release;
		};
/* End XCConfigurationList section */
	};
	rootObject = 1814F0FF1F3CF1D400A4787C /* Project object */;
}
